
Microsoft Visual Studio Solution File, Format Version 12.00
# Visual Studio Version 16
VisualStudioVersion = 16.0.31205.134
MinimumVisualStudioVersion = 10.0.40219.1
Project("{FAE04EC0-301F-11D3-BF4B-00C04F79EFBC}") = "ArrayAssignment", "ArrayAssignment\ArrayAssignment.csproj", "{B740F37E-8719-44E6-A33A-959AE6F6E3EE}"
EndProject
Global
	GlobalSection(SolutionConfigurationPlatforms) = preSolution
		Debug|Any CPU = Debug|Any CPU
		Release|Any CPU = Release|Any CPU
	EndGlobalSection
	GlobalSection(ProjectConfigurationPlatforms) = postSolution
		{B740F37E-8719-44E6-A33A-959AE6F6E3EE}.Debug|Any CPU.ActiveCfg = Debug|Any CPU
		{B740F37E-8719-44E6-A33A-959AE6F6E3EE}.Debug|Any CPU.Build.0 = Debug|Any CPU
		{B740F37E-8719-44E6-A33A-959AE6F6E3EE}.Release|Any CPU.ActiveCfg = Release|Any CPU
		{B740F37E-8719-44E6-A33A-959AE6F6E3EE}.Release|Any CPU.Build.0 = Release|Any CPU
	EndGlobalSection
	GlobalSection(SolutionProperties) = preSolution
		HideSolutionNode = FALSE
	EndGlobalSection
	GlobalSection(ExtensibilityGlobals) = postSolution
		SolutionGuid = {103EF3A4-F76D-4DB0-A70D-CFE4D239B380}
	EndGlobalSection
EndGlobal
